// !$*UTF8*$!
{
	archiveVersion = 1;
	classes = {
	};
	objectVersion = 50;
	objects = {

/* Begin PBXBuildFile section */
		6547A39A21C0073300773CCC /* GenerateThumbnailForURL.c in Sources */ = {isa = PBXBuildFile; fileRef = 6547A39921C0073300773CCC /* GenerateThumbnailForURL.c */; };
		6547A39C21C0073300773CCC /* GeneratePreviewForURL.m in Sources */ = {isa = PBXBuildFile; fileRef = 6547A39B21C0073300773CCC /* GeneratePreviewForURL.m */; };
		6547A39E21C0073300773CCC /* main.c in Sources */ = {isa = PBXBuildFile; fileRef = 6547A39D21C0073300773CCC /* main.c */; };
		6547A3A721C0176D00773CCC /* AudioReader.m in Sources */ = {isa = PBXBuildFile; fileRef = 6547A3A621C0176C00773CCC /* AudioReader.m */; };
		6547A3A921C0177400773CCC /* AudioReader.h in Headers */ = {isa = PBXBuildFile; fileRef = 6547A3A821C0177400773CCC /* AudioReader.h */; };
/* End PBXBuildFile section */

/* Begin PBXFileReference section */
		6547A39621C0073300773CCC /* QLSpectrogram.qlgenerator */ = {isa = PBXFileReference; explicitFileType = wrapper.cfbundle; includeInIndex = 0; path = QLSpectrogram.qlgenerator; sourceTree = BUILT_PRODUCTS_DIR; };
		6547A39921C0073300773CCC /* GenerateThumbnailForURL.c */ = {isa = PBXFileReference; lastKnownFileType = sourcecode.c.c; path = GenerateThumbnailForURL.c; sourceTree = "<group>"; };
		6547A39B21C0073300773CCC /* GeneratePreviewForURL.m */ = {isa = PBXFileReference; lastKnownFileType = sourcecode.c.objc; path = GeneratePreviewForURL.m; sourceTree = "<group>"; };
		6547A39D21C0073300773CCC /* main.c */ = {isa = PBXFileReference; lastKnownFileType = sourcecode.c.c; path = main.c; sourceTree = "<group>"; };
		6547A39F21C0073300773CCC /* Info.plist */ = {isa = PBXFileReference; lastKnownFileType = text.plist.xml; path = Info.plist; sourceTree = "<group>"; };
		6547A3A621C0176C00773CCC /* AudioReader.m */ = {isa = PBXFileReference; fileEncoding = 4; lastKnownFileType = sourcecode.c.objc; path = AudioReader.m; sourceTree = "<group>"; };
		6547A3A821C0177400773CCC /* AudioReader.h */ = {isa = PBXFileReference; fileEncoding = 4; lastKnownFileType = sourcecode.c.h; path = AudioReader.h; sourceTree = "<group>"; };
/* End PBXFileReference section */

/* Begin PBXFrameworksBuildPhase section */
		6547A39321C0073300773CCC /* Frameworks */ = {
			isa = PBXFrameworksBuildPhase;
			buildActionMask = 2147483647;
			files = (
			);
			runOnlyForDeploymentPostprocessing = 0;
		};
/* End PBXFrameworksBuildPhase section */

/* Begin PBXGroup section */
		6547A38C21C0073300773CCC = {
			isa = PBXGroup;
			children = (
				6547A39821C0073300773CCC /* QLSpectrogram */,
				6547A39721C0073300773CCC /* Products */,
			);
			sourceTree = "<group>";
		};
		6547A39721C0073300773CCC /* Products */ = {
			isa = PBXGroup;
			children = (
				6547A39621C0073300773CCC /* QLSpectrogram.qlgenerator */,
			);
			name = Products;
			sourceTree = "<group>";
		};
		6547A39821C0073300773CCC /* QLSpectrogram */ = {
			isa = PBXGroup;
			children = (
				6547A39921C0073300773CCC /* GenerateThumbnailForURL.c */,
				6547A39B21C0073300773CCC /* GeneratePreviewForURL.m */,
				6547A3A821C0177400773CCC /* AudioReader.h */,
				6547A3A621C0176C00773CCC /* AudioReader.m */,
				6547A39D21C0073300773CCC /* main.c */,
				6547A39F21C0073300773CCC /* Info.plist */,
			);
			path = QLSpectrogram;
			sourceTree = "<group>";
		};
/* End PBXGroup section */

/* Begin PBXHeadersBuildPhase section */
		6547A39121C0073300773CCC /* Headers */ = {
			isa = PBXHeadersBuildPhase;
			buildActionMask = 2147483647;
			files = (
				6547A3A921C0177400773CCC /* AudioReader.h in Headers */,
			);
			runOnlyForDeploymentPostprocessing = 0;
		};
/* End PBXHeadersBuildPhase section */

/* Begin PBXNativeTarget section */
		6547A39521C0073300773CCC /* QLSpectrogram */ = {
			isa = PBXNativeTarget;
			buildConfigurationList = 6547A3A221C0073300773CCC /* Build configuration list for PBXNativeTarget "QLSpectrogram" */;
			buildPhases = (
				6547A39121C0073300773CCC /* Headers */,
				6547A39221C0073300773CCC /* Sources */,
				6547A39321C0073300773CCC /* Frameworks */,
				6547A39421C0073300773CCC /* Resources */,
				6547A3A521C00C7B00773CCC /* ShellScript */,
			);
			buildRules = (
			);
			dependencies = (
			);
			name = QLSpectrogram;
			productName = QLSpectrogram;
			productReference = 6547A39621C0073300773CCC /* QLSpectrogram.qlgenerator */;
			productType = "com.apple.product-type.bundle";
		};
/* End PBXNativeTarget section */

/* Begin PBXProject section */
		6547A38D21C0073300773CCC /* Project object */ = {
			isa = PBXProject;
			attributes = {
				LastUpgradeCheck = 1010;
				ORGANIZATIONNAME = Chirp;
				TargetAttributes = {
					6547A39521C0073300773CCC = {
						CreatedOnToolsVersion = 10.1;
					};
				};
			};
			buildConfigurationList = 6547A39021C0073300773CCC /* Build configuration list for PBXProject "QLSpectrogram" */;
			compatibilityVersion = "Xcode 9.3";
			developmentRegion = en;
			hasScannedForEncodings = 0;
			knownRegions = (
				en,
				Base,
			);
			mainGroup = 6547A38C21C0073300773CCC;
			productRefGroup = 6547A39721C0073300773CCC /* Products */;
			projectDirPath = "";
			projectRoot = "";
			targets = (
				6547A39521C0073300773CCC /* QLSpectrogram */,
			);
		};
/* End PBXProject section */

/* Begin PBXResourcesBuildPhase section */
		6547A39421C0073300773CCC /* Resources */ = {
			isa = PBXResourcesBuildPhase;
			buildActionMask = 2147483647;
			files = (
			);
			runOnlyForDeploymentPostprocessing = 0;
		};
/* End PBXResourcesBuildPhase section */

/* Begin PBXShellScriptBuildPhase section */
		6547A3A521C00C7B00773CCC /* ShellScript */ = {
			isa = PBXShellScriptBuildPhase;
			buildActionMask = 2147483647;
			files = (
			);
			inputFileListPaths = (
			);
			inputPaths = (
			);
			outputFileListPaths = (
			);
			outputPaths = (
			);
			runOnlyForDeploymentPostprocessing = 0;
			shellPath = /bin/sh;
			shellScript = "# Install and refresh QuickLook plugin\nrm -rf $HOME/Library/QuickLook/$FULL_PRODUCT_NAME\ncp -r $TARGET_BUILD_DIR/$FULL_PRODUCT_NAME $HOME/Library/QuickLook\nqlmanage -r\n";
		};
/* End PBXShellScriptBuildPhase section */

/* Begin PBXSourcesBuildPhase section */
		6547A39221C0073300773CCC /* Sources */ = {
			isa = PBXSourcesBuildPhase;
			buildActionMask = 2147483647;
			files = (
				6547A39A21C0073300773CCC /* GenerateThumbnailForURL.c in Sources */,
				6547A39C21C0073300773CCC /* GeneratePreviewForURL.m in Sources */,
				6547A3A721C0176D00773CCC /* AudioReader.m in Sources */,
				6547A39E21C0073300773CCC /* main.c in Sources */,
			);
			runOnlyForDeploymentPostprocessing = 0;
		};
/* End PBXSourcesBuildPhase section */

/* Begin XCBuildConfiguration section */
		6547A3A021C0073300773CCC /* Debug */ = {
			isa = XCBuildConfiguration;
			buildSettings = {
				ALWAYS_SEARCH_USER_PATHS = NO;
				CLANG_ANALYZER_NONNULL = YES;
				CLANG_ANALYZER_NUMBER_OBJECT_CONVERSION = YES_AGGRESSIVE;
				CLANG_CXX_LANGUAGE_STANDARD = "gnu++14";
				CLANG_CXX_LIBRARY = "libc++";
				CLANG_ENABLE_MODULES = YES;
				CLANG_ENABLE_OBJC_ARC = YES;
				CLANG_ENABLE_OBJC_WEAK = YES;
				CLANG_WARN_BLOCK_CAPTURE_AUTORELEASING = YES;
				CLANG_WARN_BOOL_CONVERSION = YES;
				CLANG_WARN_COMMA = YES;
				CLANG_WARN_CONSTANT_CONVERSION = YES;
				CLANG_WARN_DEPRECATED_OBJC_IMPLEMENTATIONS = YES;
				CLANG_WARN_DIRECT_OBJC_ISA_USAGE = YES_ERROR;
				CLANG_WARN_DOCUMENTATION_COMMENTS = YES;
				CLANG_WARN_EMPTY_BODY = YES;
				CLANG_WARN_ENUM_CONVERSION = YES;
				CLANG_WARN_INFINITE_RECURSION = YES;
				CLANG_WARN_INT_CONVERSION = YES;
				CLANG_WARN_NON_LITERAL_NULL_CONVERSION = YES;
				CLANG_WARN_OBJC_IMPLICIT_RETAIN_SELF = YES;
				CLANG_WARN_OBJC_LITERAL_CONVERSION = YES;
				CLANG_WARN_OBJC_ROOT_CLASS = YES_ERROR;
				CLANG_WARN_RANGE_LOOP_ANALYSIS = YES;
				CLANG_WARN_STRICT_PROTOTYPES = YES;
				CLANG_WARN_SUSPICIOUS_MOVE = YES;
				CLANG_WARN_UNGUARDED_AVAILABILITY = YES_AGGRESSIVE;
				CLANG_WARN_UNREACHABLE_CODE = YES;
				CLANG_WARN__DUPLICATE_METHOD_MATCH = YES;
				CODE_SIGN_IDENTITY = "Mac Developer";
				COPY_PHASE_STRIP = NO;
				DEBUG_INFORMATION_FORMAT = dwarf;
				ENABLE_STRICT_OBJC_MSGSEND = YES;
				ENABLE_TESTABILITY = YES;
				GCC_C_LANGUAGE_STANDARD = gnu11;
				GCC_DYNAMIC_NO_PIC = NO;
				GCC_NO_COMMON_BLOCKS = YES;
				GCC_OPTIMIZATION_LEVEL = 0;
				GCC_PREPROCESSOR_DEFINITIONS = (
					"DEBUG=1",
					"$(inherited)",
				);
				GCC_WARN_64_TO_32_BIT_CONVERSION = YES;
				GCC_WARN_ABOUT_RETURN_TYPE = YES_ERROR;
				GCC_WARN_UNDECLARED_SELECTOR = YES;
				GCC_WARN_UNINITIALIZED_AUTOS = YES_AGGRESSIVE;
				GCC_WARN_UNUSED_FUNCTION = YES;
				GCC_WARN_UNUSED_VARIABLE = YES;
				MACOSX_DEPLOYMENT_TARGET = 10.14;
				MTL_ENABLE_DEBUG_INFO = INCLUDE_SOURCE;
				MTL_FAST_MATH = YES;
				ONLY_ACTIVE_ARCH = YES;
				SDKROOT = macosx;
			};
			name = Debug;
		};
		6547A3A121C0073300773CCC /* Release */ = {
			isa = XCBuildConfiguration;
			buildSettings = {
				ALWAYS_SEARCH_USER_PATHS = NO;
				CLANG_ANALYZER_NONNULL = YES;
				CLANG_ANALYZER_NUMBER_OBJECT_CONVERSION = YES_AGGRESSIVE;
				CLANG_CXX_LANGUAGE_STANDARD = "gnu++14";
				CLANG_CXX_LIBRARY = "libc++";
				CLANG_ENABLE_MODULES = YES;
				CLANG_ENABLE_OBJC_ARC = YES;
				CLANG_ENABLE_OBJC_WEAK = YES;
				CLANG_WARN_BLOCK_CAPTURE_AUTORELEASING = YES;
				CLANG_WARN_BOOL_CONVERSION = YES;
				CLANG_WARN_COMMA = YES;
				CLANG_WARN_CONSTANT_CONVERSION = YES;
				CLANG_WARN_DEPRECATED_OBJC_IMPLEMENTATIONS = YES;
				CLANG_WARN_DIRECT_OBJC_ISA_USAGE = YES_ERROR;
				CLANG_WARN_DOCUMENTATION_COMMENTS = YES;
				CLANG_WARN_EMPTY_BODY = YES;
				CLANG_WARN_ENUM_CONVERSION = YES;
				CLANG_WARN_INFINITE_RECURSION = YES;
				CLANG_WARN_INT_CONVERSION = YES;
				CLANG_WARN_NON_LITERAL_NULL_CONVERSION = YES;
				CLANG_WARN_OBJC_IMPLICIT_RETAIN_SELF = YES;
				CLANG_WARN_OBJC_LITERAL_CONVERSION = YES;
				CLANG_WARN_OBJC_ROOT_CLASS = YES_ERROR;
				CLANG_WARN_RANGE_LOOP_ANALYSIS = YES;
				CLANG_WARN_STRICT_PROTOTYPES = YES;
				CLANG_WARN_SUSPICIOUS_MOVE = YES;
				CLANG_WARN_UNGUARDED_AVAILABILITY = YES_AGGRESSIVE;
				CLANG_WARN_UNREACHABLE_CODE = YES;
				CLANG_WARN__DUPLICATE_METHOD_MATCH = YES;
				CODE_SIGN_IDENTITY = "Mac Developer";
				COPY_PHASE_STRIP = NO;
				DEBUG_INFORMATION_FORMAT = "dwarf-with-dsym";
				ENABLE_NS_ASSERTIONS = NO;
				ENABLE_STRICT_OBJC_MSGSEND = YES;
				GCC_C_LANGUAGE_STANDARD = gnu11;
				GCC_NO_COMMON_BLOCKS = YES;
				GCC_WARN_64_TO_32_BIT_CONVERSION = YES;
				GCC_WARN_ABOUT_RETURN_TYPE = YES_ERROR;
				GCC_WARN_UNDECLARED_SELECTOR = YES;
				GCC_WARN_UNINITIALIZED_AUTOS = YES_AGGRESSIVE;
				GCC_WARN_UNUSED_FUNCTION = YES;
				GCC_WARN_UNUSED_VARIABLE = YES;
				MACOSX_DEPLOYMENT_TARGET = 10.14;
				MTL_ENABLE_DEBUG_INFO = NO;
				MTL_FAST_MATH = YES;
				SDKROOT = macosx;
			};
			name = Release;
		};
		6547A3A321C0073300773CCC /* Debug */ = {
			isa = XCBuildConfiguration;
			buildSettings = {
				CODE_SIGN_STYLE = Automatic;
				COMBINE_HIDPI_IMAGES = YES;
				DEVELOPMENT_TEAM = LH24Q54CC7;
				INFOPLIST_FILE = QLSpectrogram/Info.plist;
				INSTALL_PATH = /Library/QuickLook;
				PRODUCT_BUNDLE_IDENTIFIER = io.chiro.QLSpectrogram;
				PRODUCT_NAME = "$(TARGET_NAME)";
				WRAPPER_EXTENSION = qlgenerator;
			};
			name = Debug;
		};
		6547A3A421C0073300773CCC /* Release */ = {
			isa = XCBuildConfiguration;
			buildSettings = {
				CODE_SIGN_STYLE = Automatic;
				COMBINE_HIDPI_IMAGES = YES;
				DEVELOPMENT_TEAM = LH24Q54CC7;
				INFOPLIST_FILE = QLSpectrogram/Info.plist;
				INSTALL_PATH = /Library/QuickLook;
				PRODUCT_BUNDLE_IDENTIFIER = io.chiro.QLSpectrogram;
				PRODUCT_NAME = "$(TARGET_NAME)";
				WRAPPER_EXTENSION = qlgenerator;
			};
			name = Release;
		};
/* End XCBuildConfiguration section */

/* Begin XCConfigurationList section */
		6547A39021C0073300773CCC /* Build configuration list for PBXProject "QLSpectrogram" */ = {
			isa = XCConfigurationList;
			buildConfigurations = (
				6547A3A021C0073300773CCC /* Debug */,
				6547A3A121C0073300773CCC /* Release */,
			);
			defaultConfigurationIsVisible = 0;
			defaultConfigurationName = Release;
		};
		6547A3A221C0073300773CCC /* Build configuration list for PBXNativeTarget "QLSpectrogram" */ = {
			isa = XCConfigurationList;
			buildConfigurations = (
				6547A3A321C0073300773CCC /* Debug */,
				6547A3A421C0073300773CCC /* Release */,
			);
			defaultConfigurationIsVisible = 0;
			defaultConfigurationName = Release;
		};
/* End XCConfigurationList section */
	};
	rootObject = 6547A38D21C0073300773CCC /* Project object */;
}
